
Microsoft Visual Studio Solution File, Format Version 12.00
# Visual Studio Version 17
VisualStudioVersion = 17.2.32602.215
MinimumVisualStudioVersion = 10.0.40219.1
Project("{FAE04EC0-301F-11D3-BF4B-00C04F79EFBC}") = "DBWA3TL", "DBWA3TL\DBWA3TL.csproj", "{099E01F2-93CD-4CA0-86F4-194F5CF40A12}"
EndProject
Project("{FAE04EC0-301F-11D3-BF4B-00C04F79EFBC}") = "UsersBLLProj", "UsersBLLProj\UsersBLLProj.csproj", "{181EECE4-A4DC-4F1D-9058-ADC9EE4BC3E6}"
EndProject
Project("{FAE04EC0-301F-11D3-BF4B-00C04F79EFBC}") = "UsersDalProj", "UsersDalProj\UsersDalProj.csproj", "{8531ADCD-7B4B-4FF5-971C-4E31A41A0529}"
EndProject
Global
	GlobalSection(SolutionConfigurationPlatforms) = preSolution
		Debug|Any CPU = Debug|Any CPU
		Release|Any CPU = Release|Any CPU
	EndGlobalSection
	GlobalSection(ProjectConfigurationPlatforms) = postSolution
		{099E01F2-93CD-4CA0-86F4-194F5CF40A12}.Debug|Any CPU.ActiveCfg = Debug|Any CPU
		{099E01F2-93CD-4CA0-86F4-194F5CF40A12}.Debug|Any CPU.Build.0 = Debug|Any CPU
		{099E01F2-93CD-4CA0-86F4-194F5CF40A12}.Release|Any CPU.ActiveCfg = Release|Any CPU
		{099E01F2-93CD-4CA0-86F4-194F5CF40A12}.Release|Any CPU.Build.0 = Release|Any CPU
		{181EECE4-A4DC-4F1D-9058-ADC9EE4BC3E6}.Debug|Any CPU.ActiveCfg = Debug|Any CPU
		{181EECE4-A4DC-4F1D-9058-ADC9EE4BC3E6}.Debug|Any CPU.Build.0 = Debug|Any CPU
		{181EECE4-A4DC-4F1D-9058-ADC9EE4BC3E6}.Release|Any CPU.ActiveCfg = Release|Any CPU
		{181EECE4-A4DC-4F1D-9058-ADC9EE4BC3E6}.Release|Any CPU.Build.0 = Release|Any CPU
		{8531ADCD-7B4B-4FF5-971C-4E31A41A0529}.Debug|Any CPU.ActiveCfg = Debug|Any CPU
		{8531ADCD-7B4B-4FF5-971C-4E31A41A0529}.Debug|Any CPU.Build.0 = Debug|Any CPU
		{8531ADCD-7B4B-4FF5-971C-4E31A41A0529}.Release|Any CPU.ActiveCfg = Release|Any CPU
		{8531ADCD-7B4B-4FF5-971C-4E31A41A0529}.Release|Any CPU.Build.0 = Release|Any CPU
	EndGlobalSection
	GlobalSection(SolutionProperties) = preSolution
		HideSolutionNode = FALSE
	EndGlobalSection
	GlobalSection(ExtensibilityGlobals) = postSolution
		SolutionGuid = {C5E0B301-05C0-4446-83A7-06C9754593EE}
	EndGlobalSection
EndGlobal
